// !$*UTF8*$!
{
	archiveVersion = 1;
	classes = {
	};
	objectVersion = 46;
	objects = {

/* Begin PBXBuildFile section */
		44563AD71C5D90B80005024C /* MovieCell.swift in Sources */ = {isa = PBXBuildFile; fileRef = 44563AD61C5D90B80005024C /* MovieCell.swift */; };
		44E554501C5D167300674D23 /* AppDelegate.swift in Sources */ = {isa = PBXBuildFile; fileRef = 44E5544F1C5D167300674D23 /* AppDelegate.swift */; };
		44E554551C5D167400674D23 /* Main.storyboard in Resources */ = {isa = PBXBuildFile; fileRef = 44E554531C5D167400674D23 /* Main.storyboard */; };
		44E554571C5D167400674D23 /* Assets.xcassets in Resources */ = {isa = PBXBuildFile; fileRef = 44E554561C5D167400674D23 /* Assets.xcassets */; };
		44E5545A1C5D167400674D23 /* LaunchScreen.storyboard in Resources */ = {isa = PBXBuildFile; fileRef = 44E554581C5D167400674D23 /* LaunchScreen.storyboard */; };
		44E554621C5D16D100674D23 /* MoviesViewController.swift in Sources */ = {isa = PBXBuildFile; fileRef = 44E554611C5D16D100674D23 /* MoviesViewController.swift */; };
		822E3963E5807D4921A5CE52 /* Pods_MovieReviewer.framework in Frameworks */ = {isa = PBXBuildFile; fileRef = 05F2A327FC8E324A15D58A19 /* Pods_MovieReviewer.framework */; };
/* End PBXBuildFile section */

/* Begin PBXFileReference section */
		05F2A327FC8E324A15D58A19 /* Pods_MovieReviewer.framework */ = {isa = PBXFileReference; explicitFileType = wrapper.framework; includeInIndex = 0; path = Pods_MovieReviewer.framework; sourceTree = BUILT_PRODUCTS_DIR; };
		277157E119F1BDCF79E7AD35 /* Pods-MovieReviewer.debug.xcconfig */ = {isa = PBXFileReference; includeInIndex = 1; lastKnownFileType = text.xcconfig; name = "Pods-MovieReviewer.debug.xcconfig"; path = "Pods/Target Support Files/Pods-MovieReviewer/Pods-MovieReviewer.debug.xcconfig"; sourceTree = "<group>"; };
		44563AD61C5D90B80005024C /* MovieCell.swift */ = {isa = PBXFileReference; fileEncoding = 4; lastKnownFileType = sourcecode.swift; path = MovieCell.swift; sourceTree = "<group>"; };
		44E5544C1C5D167200674D23 /* MovieReviewer.app */ = {isa = PBXFileReference; explicitFileType = wrapper.application; includeInIndex = 0; path = MovieReviewer.app; sourceTree = BUILT_PRODUCTS_DIR; };
		44E5544F1C5D167300674D23 /* AppDelegate.swift */ = {isa = PBXFileReference; lastKnownFileType = sourcecode.swift; path = AppDelegate.swift; sourceTree = "<group>"; };
		44E554541C5D167400674D23 /* Base */ = {isa = PBXFileReference; lastKnownFileType = file.storyboard; name = Base; path = Base.lproj/Main.storyboard; sourceTree = "<group>"; };
		44E554561C5D167400674D23 /* Assets.xcassets */ = {isa = PBXFileReference; lastKnownFileType = folder.assetcatalog; path = Assets.xcassets; sourceTree = "<group>"; };
		44E554591C5D167400674D23 /* Base */ = {isa = PBXFileReference; lastKnownFileType = file.storyboard; name = Base; path = Base.lproj/LaunchScreen.storyboard; sourceTree = "<group>"; };
		44E5545B1C5D167500674D23 /* Info.plist */ = {isa = PBXFileReference; lastKnownFileType = text.plist.xml; path = Info.plist; sourceTree = "<group>"; };
		44E554611C5D16D100674D23 /* MoviesViewController.swift */ = {isa = PBXFileReference; fileEncoding = 4; lastKnownFileType = sourcecode.swift; path = MoviesViewController.swift; sourceTree = "<group>"; };
		E0C056D69CFFDE6DA5927BB5 /* Pods-MovieReviewer.release.xcconfig */ = {isa = PBXFileReference; includeInIndex = 1; lastKnownFileType = text.xcconfig; name = "Pods-MovieReviewer.release.xcconfig"; path = "Pods/Target Support Files/Pods-MovieReviewer/Pods-MovieReviewer.release.xcconfig"; sourceTree = "<group>"; };
/* End PBXFileReference section */

/* Begin PBXFrameworksBuildPhase section */
		44E554491C5D167200674D23 /* Frameworks */ = {
			isa = PBXFrameworksBuildPhase;
			buildActionMask = 2147483647;
			files = (
				822E3963E5807D4921A5CE52 /* Pods_MovieReviewer.framework in Frameworks */,
			);
			runOnlyForDeploymentPostprocessing = 0;
		};
/* End PBXFrameworksBuildPhase section */

/* Begin PBXGroup section */
		44563AD51C5D906E0005024C /* Views */ = {
			isa = PBXGroup;
			children = (
				44563AD61C5D90B80005024C /* MovieCell.swift */,
			);
			name = Views;
			sourceTree = "<group>";
		};
		44563AD81C5D90C10005024C /* View controllers */ = {
			isa = PBXGroup;
			children = (
				44E554611C5D16D100674D23 /* MoviesViewController.swift */,
			);
			name = "View controllers";
			sourceTree = "<group>";
		};
		44E554431C5D167100674D23 = {
			isa = PBXGroup;
			children = (
				44E5544E1C5D167200674D23 /* MovieReviewer */,
				44E5544D1C5D167200674D23 /* Products */,
				E85CABAF66EB023B8EFD9108 /* Pods */,
				73F6A465A15C5C3F4CBE7B77 /* Frameworks */,
			);
			sourceTree = "<group>";
		};
		44E5544D1C5D167200674D23 /* Products */ = {
			isa = PBXGroup;
			children = (
				44E5544C1C5D167200674D23 /* MovieReviewer.app */,
			);
			name = Products;
			sourceTree = "<group>";
		};
		44E5544E1C5D167200674D23 /* MovieReviewer */ = {
			isa = PBXGroup;
			children = (
				44563AD81C5D90C10005024C /* View controllers */,
				44563AD51C5D906E0005024C /* Views */,
				44E5544F1C5D167300674D23 /* AppDelegate.swift */,
				44E554531C5D167400674D23 /* Main.storyboard */,
				44E554561C5D167400674D23 /* Assets.xcassets */,
				44E554581C5D167400674D23 /* LaunchScreen.storyboard */,
				44E5545B1C5D167500674D23 /* Info.plist */,
			);
			path = MovieReviewer;
			sourceTree = "<group>";
		};
		73F6A465A15C5C3F4CBE7B77 /* Frameworks */ = {
			isa = PBXGroup;
			children = (
				05F2A327FC8E324A15D58A19 /* Pods_MovieReviewer.framework */,
			);
			name = Frameworks;
			sourceTree = "<group>";
		};
		E85CABAF66EB023B8EFD9108 /* Pods */ = {
			isa = PBXGroup;
			children = (
				277157E119F1BDCF79E7AD35 /* Pods-MovieReviewer.debug.xcconfig */,
				E0C056D69CFFDE6DA5927BB5 /* Pods-MovieReviewer.release.xcconfig */,
			);
			name = Pods;
			sourceTree = "<group>";
		};
/* End PBXGroup section */

/* Begin PBXNativeTarget section */
		44E5544B1C5D167200674D23 /* MovieReviewer */ = {
			isa = PBXNativeTarget;
			buildConfigurationList = 44E5545E1C5D167500674D23 /* Build configuration list for PBXNativeTarget "MovieReviewer" */;
			buildPhases = (
				97851C579BE84FEAF03DE192 /* Check Pods Manifest.lock */,
				44E554481C5D167200674D23 /* Sources */,
				44E554491C5D167200674D23 /* Frameworks */,
				44E5544A1C5D167200674D23 /* Resources */,
				2EBD4920A1B0B8B8EAC2C0D4 /* Embed Pods Frameworks */,
				F2C10D3D8B1F3CAA16D193B9 /* Copy Pods Resources */,
			);
			buildRules = (
			);
			dependencies = (
			);
			name = MovieReviewer;
			productName = MovieReviewer;
			productReference = 44E5544C1C5D167200674D23 /* MovieReviewer.app */;
			productType = "com.apple.product-type.application";
		};
/* End PBXNativeTarget section */

/* Begin PBXProject section */
		44E554441C5D167100674D23 /* Project object */ = {
			isa = PBXProject;
			attributes = {
				LastSwiftUpdateCheck = 0720;
				LastUpgradeCheck = 0720;
				ORGANIZATIONNAME = "Adolfo Portilla";
				TargetAttributes = {
					44E5544B1C5D167200674D23 = {
						CreatedOnToolsVersion = 7.2;
					};
				};
			};
			buildConfigurationList = 44E554471C5D167100674D23 /* Build configuration list for PBXProject "MovieReviewer" */;
			compatibilityVersion = "Xcode 3.2";
			developmentRegion = English;
			hasScannedForEncodings = 0;
			knownRegions = (
				en,
				Base,
			);
			mainGroup = 44E554431C5D167100674D23;
			productRefGroup = 44E5544D1C5D167200674D23 /* Products */;
			projectDirPath = "";
			projectRoot = "";
			targets = (
				44E5544B1C5D167200674D23 /* MovieReviewer */,
			);
		};
/* End PBXProject section */

/* Begin PBXResourcesBuildPhase section */
		44E5544A1C5D167200674D23 /* Resources */ = {
			isa = PBXResourcesBuildPhase;
			buildActionMask = 2147483647;
			files = (
				44E5545A1C5D167400674D23 /* LaunchScreen.storyboard in Resources */,
				44E554571C5D167400674D23 /* Assets.xcassets in Resources */,
				44E554551C5D167400674D23 /* Main.storyboard in Resources */,
			);
			runOnlyForDeploymentPostprocessing = 0;
		};
/* End PBXResourcesBuildPhase section */

/* Begin PBXShellScriptBuildPhase section */
		2EBD4920A1B0B8B8EAC2C0D4 /* Embed Pods Frameworks */ = {
			isa = PBXShellScriptBuildPhase;
			buildActionMask = 2147483647;
			files = (
			);
			inputPaths = (
			);
			name = "Embed Pods Frameworks";
			outputPaths = (
			);
			runOnlyForDeploymentPostprocessing = 0;
			shellPath = /bin/sh;
			shellScript = "\"${SRCROOT}/Pods/Target Support Files/Pods-MovieReviewer/Pods-MovieReviewer-frameworks.sh\"\n";
			showEnvVarsInLog = 0;
		};
		97851C579BE84FEAF03DE192 /* Check Pods Manifest.lock */ = {
			isa = PBXShellScriptBuildPhase;
			buildActionMask = 2147483647;
			files = (
			);
			inputPaths = (
			);
			name = "Check Pods Manifest.lock";
			outputPaths = (
			);
			runOnlyForDeploymentPostprocessing = 0;
			shellPath = /bin/sh;
			shellScript = "diff \"${PODS_ROOT}/../Podfile.lock\" \"${PODS_ROOT}/Manifest.lock\" > /dev/null\nif [[ $? != 0 ]] ; then\n    cat << EOM\nerror: The sandbox is not in sync with the Podfile.lock. Run 'pod install' or update your CocoaPods installation.\nEOM\n    exit 1\nfi\n";
			showEnvVarsInLog = 0;
		};
		F2C10D3D8B1F3CAA16D193B9 /* Copy Pods Resources */ = {
			isa = PBXShellScriptBuildPhase;
			buildActionMask = 2147483647;
			files = (
			);
			inputPaths = (
			);
			name = "Copy Pods Resources";
			outputPaths = (
			);
			runOnlyForDeploymentPostprocessing = 0;
			shellPath = /bin/sh;
			shellScript = "\"${SRCROOT}/Pods/Target Support Files/Pods-MovieReviewer/Pods-MovieReviewer-resources.sh\"\n";
			showEnvVarsInLog = 0;
		};
/* End PBXShellScriptBuildPhase section */

/* Begin PBXSourcesBuildPhase section */
		44E554481C5D167200674D23 /* Sources */ = {
			isa = PBXSourcesBuildPhase;
			buildActionMask = 2147483647;
			files = (
				44E554501C5D167300674D23 /* AppDelegate.swift in Sources */,
				44E554621C5D16D100674D23 /* MoviesViewController.swift in Sources */,
				44563AD71C5D90B80005024C /* MovieCell.swift in Sources */,
			);
			runOnlyForDeploymentPostprocessing = 0;
		};
/* End PBXSourcesBuildPhase section */

/* Begin PBXVariantGroup section */
		44E554531C5D167400674D23 /* Main.storyboard */ = {
			isa = PBXVariantGroup;
			children = (
				44E554541C5D167400674D23 /* Base */,
			);
			name = Main.storyboard;
			sourceTree = "<group>";
		};
		44E554581C5D167400674D23 /* LaunchScreen.storyboard */ = {
			isa = PBXVariantGroup;
			children = (
				44E554591C5D167400674D23 /* Base */,
			);
			name = LaunchScreen.storyboard;
			sourceTree = "<group>";
		};
/* End PBXVariantGroup section */

/* Begin XCBuildConfiguration section */
		44E5545C1C5D167500674D23 /* Debug */ = {
			isa = XCBuildConfiguration;
			buildSettings = {
				ALWAYS_SEARCH_USER_PATHS = NO;
				CLANG_CXX_LANGUAGE_STANDARD = "gnu++0x";
				CLANG_CXX_LIBRARY = "libc++";
				CLANG_ENABLE_MODULES = YES;
				CLANG_ENABLE_OBJC_ARC = YES;
				CLANG_WARN_BOOL_CONVERSION = YES;
				CLANG_WARN_CONSTANT_CONVERSION = YES;
				CLANG_WARN_DIRECT_OBJC_ISA_USAGE = YES_ERROR;
				CLANG_WARN_EMPTY_BODY = YES;
				CLANG_WARN_ENUM_CONVERSION = YES;
				CLANG_WARN_INT_CONVERSION = YES;
				CLANG_WARN_OBJC_ROOT_CLASS = YES_ERROR;
				CLANG_WARN_UNREACHABLE_CODE = YES;
				CLANG_WARN__DUPLICATE_METHOD_MATCH = YES;
				"CODE_SIGN_IDENTITY[sdk=iphoneos*]" = "iPhone Developer";
				COPY_PHASE_STRIP = NO;
				DEBUG_INFORMATION_FORMAT = dwarf;
				ENABLE_STRICT_OBJC_MSGSEND = YES;
				ENABLE_TESTABILITY = YES;
				GCC_C_LANGUAGE_STANDARD = gnu99;
				GCC_DYNAMIC_NO_PIC = NO;
				GCC_NO_COMMON_BLOCKS = YES;
				GCC_OPTIMIZATION_LEVEL = 0;
				GCC_PREPROCESSOR_DEFINITIONS = (
					"DEBUG=1",
					"$(inherited)",
				);
				GCC_WARN_64_TO_32_BIT_CONVERSION = YES;
				GCC_WARN_ABOUT_RETURN_TYPE = YES_ERROR;
				GCC_WARN_UNDECLARED_SELECTOR = YES;
				GCC_WARN_UNINITIALIZED_AUTOS = YES_AGGRESSIVE;
				GCC_WARN_UNUSED_FUNCTION = YES;
				GCC_WARN_UNUSED_VARIABLE = YES;
				IPHONEOS_DEPLOYMENT_TARGET = 9.2;
				MTL_ENABLE_DEBUG_INFO = YES;
				ONLY_ACTIVE_ARCH = YES;
				SDKROOT = iphoneos;
				SWIFT_OPTIMIZATION_LEVEL = "-Onone";
				TARGETED_DEVICE_FAMILY = "1,2";
			};
			name = Debug;
		};
		44E5545D1C5D167500674D23 /* Release */ = {
			isa = XCBuildConfiguration;
			buildSettings = {
				ALWAYS_SEARCH_USER_PATHS = NO;
				CLANG_CXX_LANGUAGE_STANDARD = "gnu++0x";
				CLANG_CXX_LIBRARY = "libc++";
				CLANG_ENABLE_MODULES = YES;
				CLANG_ENABLE_OBJC_ARC = YES;
				CLANG_WARN_BOOL_CONVERSION = YES;
				CLANG_WARN_CONSTANT_CONVERSION = YES;
				CLANG_WARN_DIRECT_OBJC_ISA_USAGE = YES_ERROR;
				CLANG_WARN_EMPTY_BODY = YES;
				CLANG_WARN_ENUM_CONVERSION = YES;
				CLANG_WARN_INT_CONVERSION = YES;
				CLANG_WARN_OBJC_ROOT_CLASS = YES_ERROR;
				CLANG_WARN_UNREACHABLE_CODE = YES;
				CLANG_WARN__DUPLICATE_METHOD_MATCH = YES;
				"CODE_SIGN_IDENTITY[sdk=iphoneos*]" = "iPhone Developer";
				COPY_PHASE_STRIP = NO;
				DEBUG_INFORMATION_FORMAT = "dwarf-with-dsym";
				ENABLE_NS_ASSERTIONS = NO;
				ENABLE_STRICT_OBJC_MSGSEND = YES;
				GCC_C_LANGUAGE_STANDARD = gnu99;
				GCC_NO_COMMON_BLOCKS = YES;
				GCC_WARN_64_TO_32_BIT_CONVERSION = YES;
				GCC_WARN_ABOUT_RETURN_TYPE = YES_ERROR;
				GCC_WARN_UNDECLARED_SELECTOR = YES;
				GCC_WARN_UNINITIALIZED_AUTOS = YES_AGGRESSIVE;
				GCC_WARN_UNUSED_FUNCTION = YES;
				GCC_WARN_UNUSED_VARIABLE = YES;
				IPHONEOS_DEPLOYMENT_TARGET = 9.2;
				MTL_ENABLE_DEBUG_INFO = NO;
				SDKROOT = iphoneos;
				TARGETED_DEVICE_FAMILY = "1,2";
				VALIDATE_PRODUCT = YES;
			};
			name = Release;
		};
		44E5545F1C5D167500674D23 /* Debug */ = {
			isa = XCBuildConfiguration;
			baseConfigurationReference = 277157E119F1BDCF79E7AD35 /* Pods-MovieReviewer.debug.xcconfig */;
			buildSettings = {
				ASSETCATALOG_COMPILER_APPICON_NAME = AppIcon;
				INFOPLIST_FILE = MovieReviewer/Info.plist;
				LD_RUNPATH_SEARCH_PATHS = "$(inherited) @executable_path/Frameworks";
				PRODUCT_BUNDLE_IDENTIFIER = codepath.com.MovieReviewer;
				PRODUCT_NAME = "$(TARGET_NAME)";
			};
			name = Debug;
		};
		44E554601C5D167500674D23 /* Release */ = {
			isa = XCBuildConfiguration;
			baseConfigurationReference = E0C056D69CFFDE6DA5927BB5 /* Pods-MovieReviewer.release.xcconfig */;
			buildSettings = {
				ASSETCATALOG_COMPILER_APPICON_NAME = AppIcon;
				INFOPLIST_FILE = MovieReviewer/Info.plist;
				LD_RUNPATH_SEARCH_PATHS = "$(inherited) @executable_path/Frameworks";
				PRODUCT_BUNDLE_IDENTIFIER = codepath.com.MovieReviewer;
				PRODUCT_NAME = "$(TARGET_NAME)";
			};
			name = Release;
		};
/* End XCBuildConfiguration section */

/* Begin XCConfigurationList section */
		44E554471C5D167100674D23 /* Build configuration list for PBXProject "MovieReviewer" */ = {
			isa = XCConfigurationList;
			buildConfigurations = (
				44E5545C1C5D167500674D23 /* Debug */,
				44E5545D1C5D167500674D23 /* Release */,
			);
			defaultConfigurationIsVisible = 0;
			defaultConfigurationName = Release;
		};
		44E5545E1C5D167500674D23 /* Build configuration list for PBXNativeTarget "MovieReviewer" */ = {
			isa = XCConfigurationList;
			buildConfigurations = (
				44E5545F1C5D167500674D23 /* Debug */,
				44E554601C5D167500674D23 /* Release */,
			);
			defaultConfigurationIsVisible = 0;
			defaultConfigurationName = Release;
		};
/* End XCConfigurationList section */
	};
	rootObject = 44E554441C5D167100674D23 /* Project object */;
}
